{
  "version": 4,
  "terraform_version": "1.3.3",
  "serial": 3,
  "lineage": "539d07d6-a362-f659-b447-1be0aa5d25ac",
  "outputs": {},
  "resources": [
    {
      "mode": "managed",
      "type": "yandex_kubernetes_cluster",
      "name": "k8s-cluster",
      "provider": "provider[\"registry.terraform.io/yandex-cloud/yandex\"]",
      "instances": [
        {
          "schema_version": 0,
          "attributes": {
            "cluster_ipv4_range": "10.112.0.0/16",
            "cluster_ipv6_range": "",
            "created_at": "2022-11-09T11:35:05Z",
            "description": "",
            "folder_id": "b1gl9g5f46b3fv1g4ac1",
            "health": "healthy",
            "id": "catbn1rj5c1kls0e069c",
            "kms_provider": [],
            "labels": {},
            "log_group_id": "ckgoeq92ockbs015ueuo",
            "master": [
              {
                "cluster_ca_certificate": "-----BEGIN CERTIFICATE-----\nMIIC5zCCAc+gAwIBAgIBADANBgkqhkiG9w0BAQsFADAVMRMwEQYDVQQDEwprdWJl\ncm5ldGVzMB4XDTIyMTEwOTExMzUwNloXDTMyMTEwNjExMzUwNlowFTETMBEGA1UE\nAxMKa3ViZXJuZXRlczCCASIwDQYJKoZIhvcNAQEBBQADggEPADCCAQoCggEBALvG\nRGdNOl3VOcuehJMahV/jWCOsBW47zNxjSndoPWR3kV+y2FxfO4M5qIpGkoHR5byZ\nLX7ABUDA245IPkbZJ/BgycTTq9Yj4OXJqeQceOxkhFOsl1F2RYL7QHcntztSjwIw\nDMSVjSN6WrtIxTjockRQb/eL8lAWcWc7X4ySrI/u+roYFy6iF2Fv6hqUGjmYbCR7\n6OG68l5ycvQE5ff/YUiWe/NiNLMdvtiSnOKuOXnE97Q6TscVH79+lt4vpEZGaUd6\nUYAQxeHM5rfaEn11cOMAq3nKu3oScweyzHMWzm93hKI1VrWKZZt1IsvVscia6Z2k\n1nz/EpmJLUliNFi0Nq8CAwEAAaNCMEAwDgYDVR0PAQH/BAQDAgKkMA8GA1UdEwEB\n/wQFMAMBAf8wHQYDVR0OBBYEFAY1KDSPOdNTpurT4ce8Br++pkpzMA0GCSqGSIb3\nDQEBCwUAA4IBAQAWaJWGf8O1J3OzTRpKNcCmjYLiDCDP02Q89WeWIi9vPo00IzKn\noZjRPCwJctAkX6VqZtg+an0IOXvq+/uMCLfWRHray3oDoFqozEKqbvUw/s7N1hpK\nMInlIwolApPrlR50BjVvUk/d26Mi/yUkeSS2acVnj47yN3vVQIfYL7+8OvPfwl1s\nWyTZPCAnpxk91F6W+Dgj9AZqyHherKK8oGp8P1PvcIe3bN8uD5He8IRoqS1s+zzZ\nN3IVda4QcCk5ZiLWwJLnB0RRe2NIT/fQBEULI2Vx6tResczhN8yU82qGA8uX8iJn\ng015TXPD0cYxe0BysHpotywwQ6SjKIbKLk80\n-----END CERTIFICATE-----\n",
                "external_v4_address": "158.160.37.168",
                "external_v4_endpoint": "https://158.160.37.168",
                "internal_v4_address": "10.128.0.32",
                "internal_v4_endpoint": "https://10.128.0.32",
                "maintenance_policy": [
                  {
                    "auto_upgrade": true,
                    "maintenance_window": []
                  }
                ],
                "public_ip": true,
                "regional": [],
                "security_group_ids": null,
                "version": "1.21",
                "version_info": [
                  {
                    "current_version": "1.21",
                    "new_revision_available": false,
                    "new_revision_summary": "",
                    "version_deprecated": false
                  }
                ],
                "zonal": [
                  {
                    "subnet_id": "e9bc19cu3vl8fknf5mn6",
                    "zone": "ru-central1-a"
                  }
                ]
              }
            ],
            "name": "k8s-cluster",
            "network_id": "enpnsn67v3aifn4u4vhi",
            "network_implementation": [],
            "network_policy_provider": "CALICO",
            "node_ipv4_cidr_mask_size": 24,
            "node_service_account_id": "ajej5trdjqevti9lglpl",
            "release_channel": "RAPID",
            "service_account_id": "ajej5trdjqevti9lglpl",
            "service_ipv4_range": "10.96.0.0/16",
            "service_ipv6_range": "",
            "status": "running",
            "timeouts": null
          },
          "sensitive_attributes": [],
          "private": "eyJlMmJmYjczMC1lY2FhLTExZTYtOGY4OC0zNDM2M2JjN2M0YzAiOnsiY3JlYXRlIjoxODAwMDAwMDAwMDAwLCJkZWxldGUiOjEyMDAwMDAwMDAwMDAsInJlYWQiOjMwMDAwMDAwMDAwMCwidXBkYXRlIjoxODAwMDAwMDAwMDAwfX0="
        }
      ]
    },
    {
      "mode": "managed",
      "type": "yandex_kubernetes_node_group",
      "name": "k8s-node",
      "provider": "provider[\"registry.terraform.io/yandex-cloud/yandex\"]",
      "instances": [
        {
          "schema_version": 0,
          "attributes": {
            "allocation_policy": [
              {
                "location": [
                  {
                    "subnet_id": "e9bc19cu3vl8fknf5mn6",
                    "zone": "ru-central1-a"
                  }
                ]
              }
            ],
            "allowed_unsafe_sysctls": null,
            "cluster_id": "catbn1rj5c1kls0e069c",
            "created_at": "2022-11-09T11:42:41Z",
            "deploy_policy": [
              {
                "max_expansion": 3,
                "max_unavailable": 0
              }
            ],
            "description": "",
            "id": "catnn4hfalh5os08si54",
            "instance_group_id": "cl1jo5l4ornil43m6gfi",
            "instance_template": [
              {
                "boot_disk": [
                  {
                    "size": 64,
                    "type": "network-ssd"
                  }
                ],
                "metadata": {
                  "ssh-keys": "ubuntu:ssh-rsa AAAAB3NzaC1yc2EAAAADAQABAAABAQDjAX+3czgQhalOwLsb7DQlAQU52c9PjXECt4+hjD2M/PV8Rjcx3ZJdwA5mUJAv90pCHI7qes+axAK/YPAA1Y1tHOO7KcRJJM/91PzdQUze0XYNYvjFC+2uEf0kVfV6MZzba7gO1+MRSFyKuZvWuft3Mrbp/XlFJ3ThXhh9yornGEAbpG19fVoENR3vHNspJ60+2bU/o9SGO/4o1N69XEXVdoAEtyIif2xVyz0jLL0CWXgXeEJdUi7ptZl8jAZ8L4hAXC9OENi3P1W+I5+MgSA0Xs7pEApYip8ocaHKEQKqTiC3ZTpWDZdmCeyDO+Q1vENSAJSbIwBvdKVahVTUstAH mity@ubuntu\n"
                },
                "nat": true,
                "network_acceleration_type": "type_unspecified",
                "network_interface": [
                  {
                    "ipv4": true,
                    "ipv6": false,
                    "nat": true,
                    "security_group_ids": null,
                    "subnet_ids": [
                      "e9bc19cu3vl8fknf5mn6"
                    ]
                  }
                ],
                "placement_policy": [],
                "platform_id": "standard-v2",
                "resources": [
                  {
                    "core_fraction": 100,
                    "cores": 4,
                    "gpus": 0,
                    "memory": 8
                  }
                ],
                "scheduling_policy": [
                  {
                    "preemptible": false
                  }
                ]
              }
            ],
            "labels": {},
            "maintenance_policy": [
              {
                "auto_repair": true,
                "auto_upgrade": true,
                "maintenance_window": []
              }
            ],
            "name": "k8s-node",
            "node_labels": null,
            "node_taints": null,
            "scale_policy": [
              {
                "auto_scale": [],
                "fixed_scale": [
                  {
                    "size": 2
                  }
                ]
              }
            ],
            "status": "running",
            "timeouts": null,
            "version": "1.21",
            "version_info": [
              {
                "current_version": "1.21",
                "new_revision_available": false,
                "new_revision_summary": "",
                "version_deprecated": false
              }
            ]
          },
          "sensitive_attributes": [],
          "private": "eyJlMmJmYjczMC1lY2FhLTExZTYtOGY4OC0zNDM2M2JjN2M0YzAiOnsiY3JlYXRlIjozNjAwMDAwMDAwMDAwLCJkZWxldGUiOjEyMDAwMDAwMDAwMDAsInJlYWQiOjYwMDAwMDAwMDAwMCwidXBkYXRlIjozNjAwMDAwMDAwMDAwfX0=",
          "dependencies": [
            "yandex_kubernetes_cluster.k8s-cluster"
          ]
        }
      ]
    }
  ],
  "check_results": []
}
