{
  "version": 4,
  "terraform_version": "1.3.3",
  "serial": 2,
  "lineage": "0d3c50f1-be7b-374e-8d8f-1042cf149ca2",
  "outputs": {
    "default_instance_public_ip": {
      "value": "158.160.41.11",
      "type": "string"
    },
    "last_ubuntu": {
      "value": "fd8njkcpguboriofo0nm",
      "type": "string"
    },
    "subnet_id": {
      "value": "e9bc19cu3vl8fknf5mn6",
      "type": "string"
    }
  },
  "resources": [
    {
      "mode": "data",
      "type": "yandex_compute_image",
      "name": "last_ubuntu",
      "provider": "provider[\"registry.terraform.io/yandex-cloud/yandex\"]",
      "instances": [
        {
          "schema_version": 0,
          "attributes": {
            "created_at": "2022-11-07T10:47:57Z",
            "description": "ubuntu 22.04 lts",
            "family": "ubuntu-2204-lts",
            "folder_id": "standard-images",
            "id": "fd8njkcpguboriofo0nm",
            "image_id": "fd8njkcpguboriofo0nm",
            "labels": {},
            "min_disk_size": 5,
            "name": "ubuntu-22-04-lts-v20221107",
            "os_type": "linux",
            "pooled": true,
            "product_ids": [
              "f2ef3frbftr2f3hq3uji"
            ],
            "size": 4,
            "status": "ready"
          },
          "sensitive_attributes": []
        }
      ]
    },
    {
      "mode": "data",
      "type": "yandex_vpc_subnet",
      "name": "default_a",
      "provider": "provider[\"registry.terraform.io/yandex-cloud/yandex\"]",
      "instances": [
        {
          "schema_version": 0,
          "attributes": {
            "created_at": "2022-07-05T04:14:51Z",
            "description": "Auto-created default subnet for zone ru-central1-a in default",
            "dhcp_options": [],
            "folder_id": "b1gl9g5f46b3fv1g4ac1",
            "id": "e9bc19cu3vl8fknf5mn6",
            "labels": {},
            "name": "default-ru-central1-a",
            "network_id": "enpnsn67v3aifn4u4vhi",
            "route_table_id": "",
            "subnet_id": "e9bc19cu3vl8fknf5mn6",
            "v4_cidr_blocks": [
              "10.128.0.0/24"
            ],
            "v6_cidr_blocks": [],
            "zone": "ru-central1-a"
          },
          "sensitive_attributes": []
        }
      ]
    },
    {
      "mode": "managed",
      "type": "yandex_compute_instance",
      "name": "default",
      "provider": "provider[\"registry.terraform.io/yandex-cloud/yandex\"]",
      "instances": [
        {
          "schema_version": 1,
          "attributes": {
            "allow_recreate": null,
            "allow_stopping_for_update": null,
            "boot_disk": [
              {
                "auto_delete": true,
                "device_name": "fhm4at6m1dm32a45r4lq",
                "disk_id": "fhm4at6m1dm32a45r4lq",
                "initialize_params": [
                  {
                    "block_size": 4096,
                    "description": "",
                    "image_id": "fd8njkcpguboriofo0nm",
                    "name": "",
                    "size": 5,
                    "snapshot_id": "",
                    "type": "network-hdd"
                  }
                ],
                "mode": "READ_WRITE"
              }
            ],
            "created_at": "2022-11-09T11:28:37Z",
            "description": "",
            "folder_id": "b1gl9g5f46b3fv1g4ac1",
            "fqdn": "fhmifm32cctnastescb1.auto.internal",
            "hostname": "",
            "id": "fhmifm32cctnastescb1",
            "labels": null,
            "local_disk": [],
            "metadata": {
              "ssh-keys": "ubuntu:ssh-rsa AAAAB3NzaC1yc2EAAAADAQABAAABAQDjAX+3czgQhalOwLsb7DQlAQU52c9PjXECt4+hjD2M/PV8Rjcx3ZJdwA5mUJAv90pCHI7qes+axAK/YPAA1Y1tHOO7KcRJJM/91PzdQUze0XYNYvjFC+2uEf0kVfV6MZzba7gO1+MRSFyKuZvWuft3Mrbp/XlFJ3ThXhh9yornGEAbpG19fVoENR3vHNspJ60+2bU/o9SGO/4o1N69XEXVdoAEtyIif2xVyz0jLL0CWXgXeEJdUi7ptZl8jAZ8L4hAXC9OENi3P1W+I5+MgSA0Xs7pEApYip8ocaHKEQKqTiC3ZTpWDZdmCeyDO+Q1vENSAJSbIwBvdKVahVTUstAH mity@ubuntu\n"
            },
            "name": "test-instance",
            "network_acceleration_type": "standard",
            "network_interface": [
              {
                "dns_record": [],
                "index": 0,
                "ip_address": "10.128.0.33",
                "ipv4": true,
                "ipv6": false,
                "ipv6_address": "",
                "ipv6_dns_record": [],
                "mac_address": "d0:0d:12:7d:86:26",
                "nat": true,
                "nat_dns_record": [],
                "nat_ip_address": "158.160.41.11",
                "nat_ip_version": "IPV4",
                "security_group_ids": [],
                "subnet_id": "e9bc19cu3vl8fknf5mn6"
              }
            ],
            "placement_policy": [
              {
                "host_affinity_rules": [],
                "placement_group_id": ""
              }
            ],
            "platform_id": "standard-v1",
            "resources": [
              {
                "core_fraction": 5,
                "cores": 2,
                "gpus": 0,
                "memory": 1
              }
            ],
            "scheduling_policy": [
              {
                "preemptible": false
              }
            ],
            "secondary_disk": [],
            "service_account_id": "",
            "status": "running",
            "timeouts": null,
            "zone": "ru-central1-a"
          },
          "sensitive_attributes": [],
          "private": "eyJlMmJmYjczMC1lY2FhLTExZTYtOGY4OC0zNDM2M2JjN2M0YzAiOnsiY3JlYXRlIjozMDAwMDAwMDAwMDAsImRlbGV0ZSI6MzAwMDAwMDAwMDAwLCJ1cGRhdGUiOjMwMDAwMDAwMDAwMH0sInNjaGVtYV92ZXJzaW9uIjoiMSJ9",
          "dependencies": [
            "data.yandex_compute_image.last_ubuntu",
            "data.yandex_vpc_subnet.default_a"
          ]
        }
      ]
    }
  ],
  "check_results": []
}
